
Microsoft Visual Studio Solution File, Format Version 12.00
# Visual Studio 15
VisualStudioVersion = 15.0.28306.52
MinimumVisualStudioVersion = 10.0.40219.1
Project("{FAE04EC0-301F-11D3-BF4B-00C04F79EFBC}") = "Entities", "Entities\Entities.csproj", "{50049B72-AEB0-413B-9383-D251EB7CD916}"
EndProject
Project("{FAE04EC0-301F-11D3-BF4B-00C04F79EFBC}") = "INetwork.BLL", "INetwork.BLL\INetwork.BLL.csproj", "{4F2A0204-F852-4531-893A-326034613076}"
EndProject
Project("{FAE04EC0-301F-11D3-BF4B-00C04F79EFBC}") = "NetworkBLL", "NetworkBLL\NetworkBLL.csproj", "{074FAB3B-1A29-42BA-9FEF-765F6D54DD53}"
EndProject
Project("{FAE04EC0-301F-11D3-BF4B-00C04F79EFBC}") = "INetwork.DAL", "INetwork.DLL\INetwork.DAL.csproj", "{84118864-C9B2-4D58-A42C-E8B0B0D08B80}"
EndProject
Project("{FAE04EC0-301F-11D3-BF4B-00C04F79EFBC}") = "NetworkDAL", "NetworkDLL\NetworkDAL.csproj", "{98811F0C-61C2-4624-B1FD-13042C235116}"
EndProject
Project("{2150E333-8FDC-42A3-9474-1A3956D46DE8}") = "BLL", "BLL", "{C0CE3EE2-1AC6-48F0-86DF-887756993D4F}"
EndProject
Project("{2150E333-8FDC-42A3-9474-1A3956D46DE8}") = "DAL", "DAL", "{ABBCD4EC-B2D9-46BE-9797-EE20186E479C}"
EndProject
Project("{2150E333-8FDC-42A3-9474-1A3956D46DE8}") = "PL", "PL", "{3D85487D-71F7-4343-8708-C090093FA3A2}"
EndProject
Project("{2150E333-8FDC-42A3-9474-1A3956D46DE8}") = "Entities", "Entities", "{241335F7-861F-4148-86BF-ABBD7F80D97F}"
EndProject
Project("{FAE04EC0-301F-11D3-BF4B-00C04F79EFBC}") = "NetworkMVC", "NetworkMVC\NetworkMVC.csproj", "{0F030DAC-5038-4418-95FE-49A8A8056531}"
EndProject
Global
	GlobalSection(SolutionConfigurationPlatforms) = preSolution
		Debug|Any CPU = Debug|Any CPU
		Release|Any CPU = Release|Any CPU
	EndGlobalSection
	GlobalSection(ProjectConfigurationPlatforms) = postSolution
		{50049B72-AEB0-413B-9383-D251EB7CD916}.Debug|Any CPU.ActiveCfg = Debug|Any CPU
		{50049B72-AEB0-413B-9383-D251EB7CD916}.Debug|Any CPU.Build.0 = Debug|Any CPU
		{50049B72-AEB0-413B-9383-D251EB7CD916}.Release|Any CPU.ActiveCfg = Release|Any CPU
		{50049B72-AEB0-413B-9383-D251EB7CD916}.Release|Any CPU.Build.0 = Release|Any CPU
		{4F2A0204-F852-4531-893A-326034613076}.Debug|Any CPU.ActiveCfg = Debug|Any CPU
		{4F2A0204-F852-4531-893A-326034613076}.Debug|Any CPU.Build.0 = Debug|Any CPU
		{4F2A0204-F852-4531-893A-326034613076}.Release|Any CPU.ActiveCfg = Release|Any CPU
		{4F2A0204-F852-4531-893A-326034613076}.Release|Any CPU.Build.0 = Release|Any CPU
		{074FAB3B-1A29-42BA-9FEF-765F6D54DD53}.Debug|Any CPU.ActiveCfg = Debug|Any CPU
		{074FAB3B-1A29-42BA-9FEF-765F6D54DD53}.Debug|Any CPU.Build.0 = Debug|Any CPU
		{074FAB3B-1A29-42BA-9FEF-765F6D54DD53}.Release|Any CPU.ActiveCfg = Release|Any CPU
		{074FAB3B-1A29-42BA-9FEF-765F6D54DD53}.Release|Any CPU.Build.0 = Release|Any CPU
		{84118864-C9B2-4D58-A42C-E8B0B0D08B80}.Debug|Any CPU.ActiveCfg = Debug|Any CPU
		{84118864-C9B2-4D58-A42C-E8B0B0D08B80}.Debug|Any CPU.Build.0 = Debug|Any CPU
		{84118864-C9B2-4D58-A42C-E8B0B0D08B80}.Release|Any CPU.ActiveCfg = Release|Any CPU
		{84118864-C9B2-4D58-A42C-E8B0B0D08B80}.Release|Any CPU.Build.0 = Release|Any CPU
		{98811F0C-61C2-4624-B1FD-13042C235116}.Debug|Any CPU.ActiveCfg = Debug|Any CPU
		{98811F0C-61C2-4624-B1FD-13042C235116}.Debug|Any CPU.Build.0 = Debug|Any CPU
		{98811F0C-61C2-4624-B1FD-13042C235116}.Release|Any CPU.ActiveCfg = Release|Any CPU
		{98811F0C-61C2-4624-B1FD-13042C235116}.Release|Any CPU.Build.0 = Release|Any CPU
		{0F030DAC-5038-4418-95FE-49A8A8056531}.Debug|Any CPU.ActiveCfg = Debug|Any CPU
		{0F030DAC-5038-4418-95FE-49A8A8056531}.Debug|Any CPU.Build.0 = Debug|Any CPU
		{0F030DAC-5038-4418-95FE-49A8A8056531}.Release|Any CPU.ActiveCfg = Release|Any CPU
		{0F030DAC-5038-4418-95FE-49A8A8056531}.Release|Any CPU.Build.0 = Release|Any CPU
	EndGlobalSection
	GlobalSection(SolutionProperties) = preSolution
		HideSolutionNode = FALSE
	EndGlobalSection
	GlobalSection(NestedProjects) = preSolution
		{50049B72-AEB0-413B-9383-D251EB7CD916} = {241335F7-861F-4148-86BF-ABBD7F80D97F}
		{4F2A0204-F852-4531-893A-326034613076} = {C0CE3EE2-1AC6-48F0-86DF-887756993D4F}
		{074FAB3B-1A29-42BA-9FEF-765F6D54DD53} = {C0CE3EE2-1AC6-48F0-86DF-887756993D4F}
		{84118864-C9B2-4D58-A42C-E8B0B0D08B80} = {ABBCD4EC-B2D9-46BE-9797-EE20186E479C}
		{98811F0C-61C2-4624-B1FD-13042C235116} = {ABBCD4EC-B2D9-46BE-9797-EE20186E479C}
		{0F030DAC-5038-4418-95FE-49A8A8056531} = {3D85487D-71F7-4343-8708-C090093FA3A2}
	EndGlobalSection
	GlobalSection(ExtensibilityGlobals) = postSolution
		SolutionGuid = {8B96A6DF-2C33-47FE-9980-F3C7F8243DC2}
	EndGlobalSection
EndGlobal
